// !$*UTF8*$!
{
	archiveVersion = 1;
	classes = {
	};
	objectVersion = 51;
	objects = {

/* Begin PBXBuildFile section */
		5FFEC8A136E2B507F4FB84E8 /* Pods_countdown.framework in Frameworks */ = {isa = PBXBuildFile; fileRef = D32F63520597B33519B40973 /* Pods_countdown.framework */; };
		8A2B871325C25A5D002DCDBB /* FirebaseDataController.swift in Sources */ = {isa = PBXBuildFile; fileRef = 8A2B871225C25A5D002DCDBB /* FirebaseDataController.swift */; };
		8A5D6FB525C3FF3600301E56 /* EventActionsViewController.swift in Sources */ = {isa = PBXBuildFile; fileRef = 8A5D6FB425C3FF3600301E56 /* EventActionsViewController.swift */; };
		8A880ED325A7428A00494BD3 /* Event.swift in Sources */ = {isa = PBXBuildFile; fileRef = 8A880ED225A7428A00494BD3 /* Event.swift */; };
		8AB295BD25A73A5400EC33EB /* AppDelegate.swift in Sources */ = {isa = PBXBuildFile; fileRef = 8AB295BC25A73A5400EC33EB /* AppDelegate.swift */; };
		8AB295BF25A73A5400EC33EB /* SceneDelegate.swift in Sources */ = {isa = PBXBuildFile; fileRef = 8AB295BE25A73A5400EC33EB /* SceneDelegate.swift */; };
		8AB295C425A73A5400EC33EB /* Main.storyboard in Resources */ = {isa = PBXBuildFile; fileRef = 8AB295C225A73A5400EC33EB /* Main.storyboard */; };
		8AB295C725A73A5400EC33EB /* countdown.xcdatamodeld in Sources */ = {isa = PBXBuildFile; fileRef = 8AB295C525A73A5400EC33EB /* countdown.xcdatamodeld */; };
		8AB295C925A73A5500EC33EB /* Assets.xcassets in Resources */ = {isa = PBXBuildFile; fileRef = 8AB295C825A73A5500EC33EB /* Assets.xcassets */; };
		8AB295CC25A73A5500EC33EB /* LaunchScreen.storyboard in Resources */ = {isa = PBXBuildFile; fileRef = 8AB295CA25A73A5500EC33EB /* LaunchScreen.storyboard */; };
		8AB295DB25A740D500EC33EB /* EventTableViewController.swift in Sources */ = {isa = PBXBuildFile; fileRef = 8AB295DA25A740D500EC33EB /* EventTableViewController.swift */; };
		8AB295DE25A7411300EC33EB /* EventController.swift in Sources */ = {isa = PBXBuildFile; fileRef = 8AB295DD25A7411300EC33EB /* EventController.swift */; };
		8AB295E125A7415800EC33EB /* EventActionViewController.swift in Sources */ = {isa = PBXBuildFile; fileRef = 8AB295E025A7415800EC33EB /* EventActionViewController.swift */; };
		8AD7853E25C162E3009E8357 /* LocalNotificationManager.swift in Sources */ = {isa = PBXBuildFile; fileRef = 8AD7853D25C162E3009E8357 /* LocalNotificationManager.swift */; };
		8AD7854225C16628009E8357 /* SignUpViewController.swift in Sources */ = {isa = PBXBuildFile; fileRef = 8AD7854125C16628009E8357 /* SignUpViewController.swift */; };
		8AD7855525C182F7009E8357 /* ProfileMenuViewController.swift in Sources */ = {isa = PBXBuildFile; fileRef = 8AD7855425C182F7009E8357 /* ProfileMenuViewController.swift */; };
		8AF954D725C1507400F31095 /* GoogleService-Info.plist in Resources */ = {isa = PBXBuildFile; fileRef = 8AF954D625C1507400F31095 /* GoogleService-Info.plist */; };
		8AF9552725C1589400F31095 /* Base.storyboard in Resources */ = {isa = PBXBuildFile; fileRef = 8AF9552625C1589400F31095 /* Base.storyboard */; };
		8AF9552C25C159A100F31095 /* LoginViewController.swift in Sources */ = {isa = PBXBuildFile; fileRef = 8AF9552B25C159A100F31095 /* LoginViewController.swift */; };
		B640DCDE25AD2FCB00C59EAD /* CalendarViewController.swift in Sources */ = {isa = PBXBuildFile; fileRef = B640DCDD25AD2FCB00C59EAD /* CalendarViewController.swift */; };
		B64A364625C30C7D0087999A /* WidgetKit.framework in Frameworks */ = {isa = PBXBuildFile; fileRef = B64A362825C308C40087999A /* WidgetKit.framework */; };
		B64A364725C30C7D0087999A /* SwiftUI.framework in Frameworks */ = {isa = PBXBuildFile; fileRef = B64A362A25C308C40087999A /* SwiftUI.framework */; };
		B64A364A25C30C7E0087999A /* Countdowns.swift in Sources */ = {isa = PBXBuildFile; fileRef = B64A364925C30C7E0087999A /* Countdowns.swift */; };
		B64A364D25C30C7F0087999A /* Assets.xcassets in Resources */ = {isa = PBXBuildFile; fileRef = B64A364C25C30C7F0087999A /* Assets.xcassets */; };
		B64A364F25C30C7F0087999A /* Countdowns.intentdefinition in Sources */ = {isa = PBXBuildFile; fileRef = B64A364B25C30C7E0087999A /* Countdowns.intentdefinition */; };
		B64A365025C30C7F0087999A /* Countdowns.intentdefinition in Sources */ = {isa = PBXBuildFile; fileRef = B64A364B25C30C7E0087999A /* Countdowns.intentdefinition */; };
		B64A365325C30C7F0087999A /* CountdownsExtension.appex in Embed App Extensions */ = {isa = PBXBuildFile; fileRef = B64A364525C30C7D0087999A /* CountdownsExtension.appex */; settings = {ATTRIBUTES = (RemoveHeadersOnCopy, ); }; };
/* End PBXBuildFile section */

/* Begin PBXContainerItemProxy section */
		B64A365125C30C7F0087999A /* PBXContainerItemProxy */ = {
			isa = PBXContainerItemProxy;
			containerPortal = 8AB295B125A73A5400EC33EB /* Project object */;
			proxyType = 1;
			remoteGlobalIDString = B64A364425C30C7D0087999A;
			remoteInfo = CountdownsExtension;
		};
/* End PBXContainerItemProxy section */

/* Begin PBXCopyFilesBuildPhase section */
		B64A363825C308C40087999A /* Embed App Extensions */ = {
			isa = PBXCopyFilesBuildPhase;
			buildActionMask = 2147483647;
			dstPath = "";
			dstSubfolderSpec = 13;
			files = (
				B64A365325C30C7F0087999A /* CountdownsExtension.appex in Embed App Extensions */,
			);
			name = "Embed App Extensions";
			runOnlyForDeploymentPostprocessing = 0;
		};
/* End PBXCopyFilesBuildPhase section */

/* Begin PBXFileReference section */
		159A631724B6B1873F5B5BB0 /* Pods-countdown.release.xcconfig */ = {isa = PBXFileReference; includeInIndex = 1; lastKnownFileType = text.xcconfig; name = "Pods-countdown.release.xcconfig"; path = "Target Support Files/Pods-countdown/Pods-countdown.release.xcconfig"; sourceTree = "<group>"; };
		6B2C1E0DE78C22AB8F365A6B /* Pods-countdown.debug.xcconfig */ = {isa = PBXFileReference; includeInIndex = 1; lastKnownFileType = text.xcconfig; name = "Pods-countdown.debug.xcconfig"; path = "Target Support Files/Pods-countdown/Pods-countdown.debug.xcconfig"; sourceTree = "<group>"; };
		8A2B871225C25A5D002DCDBB /* FirebaseDataController.swift */ = {isa = PBXFileReference; lastKnownFileType = sourcecode.swift; path = FirebaseDataController.swift; sourceTree = "<group>"; };
		8A5D6FB425C3FF3600301E56 /* EventActionsViewController.swift */ = {isa = PBXFileReference; lastKnownFileType = sourcecode.swift; path = EventActionsViewController.swift; sourceTree = "<group>"; };
		8A880ED225A7428A00494BD3 /* Event.swift */ = {isa = PBXFileReference; lastKnownFileType = sourcecode.swift; path = Event.swift; sourceTree = "<group>"; };
		8AB295B925A73A5400EC33EB /* countdown.app */ = {isa = PBXFileReference; explicitFileType = wrapper.application; includeInIndex = 0; path = countdown.app; sourceTree = BUILT_PRODUCTS_DIR; };
		8AB295BC25A73A5400EC33EB /* AppDelegate.swift */ = {isa = PBXFileReference; lastKnownFileType = sourcecode.swift; path = AppDelegate.swift; sourceTree = "<group>"; };
		8AB295BE25A73A5400EC33EB /* SceneDelegate.swift */ = {isa = PBXFileReference; lastKnownFileType = sourcecode.swift; path = SceneDelegate.swift; sourceTree = "<group>"; };
		8AB295C325A73A5400EC33EB /* Base */ = {isa = PBXFileReference; lastKnownFileType = file.storyboard; name = Base; path = Base.lproj/Main.storyboard; sourceTree = "<group>"; };
		8AB295C625A73A5400EC33EB /* countdown.xcdatamodel */ = {isa = PBXFileReference; lastKnownFileType = wrapper.xcdatamodel; path = countdown.xcdatamodel; sourceTree = "<group>"; };
		8AB295C825A73A5500EC33EB /* Assets.xcassets */ = {isa = PBXFileReference; lastKnownFileType = folder.assetcatalog; path = Assets.xcassets; sourceTree = "<group>"; };
		8AB295CB25A73A5500EC33EB /* Base */ = {isa = PBXFileReference; lastKnownFileType = file.storyboard; name = Base; path = Base.lproj/LaunchScreen.storyboard; sourceTree = "<group>"; };
		8AB295CD25A73A5500EC33EB /* Info.plist */ = {isa = PBXFileReference; lastKnownFileType = text.plist.xml; path = Info.plist; sourceTree = "<group>"; };
		8AB295DA25A740D500EC33EB /* EventTableViewController.swift */ = {isa = PBXFileReference; lastKnownFileType = sourcecode.swift; path = EventTableViewController.swift; sourceTree = "<group>"; };
		8AB295DD25A7411300EC33EB /* EventController.swift */ = {isa = PBXFileReference; lastKnownFileType = sourcecode.swift; path = EventController.swift; sourceTree = "<group>"; };
		8AB295E025A7415800EC33EB /* EventActionViewController.swift */ = {isa = PBXFileReference; lastKnownFileType = sourcecode.swift; path = EventActionViewController.swift; sourceTree = "<group>"; };
		8AD7853D25C162E3009E8357 /* LocalNotificationManager.swift */ = {isa = PBXFileReference; lastKnownFileType = sourcecode.swift; path = LocalNotificationManager.swift; sourceTree = "<group>"; };
		8AD7854125C16628009E8357 /* SignUpViewController.swift */ = {isa = PBXFileReference; lastKnownFileType = sourcecode.swift; path = SignUpViewController.swift; sourceTree = "<group>"; };
		8AD7855425C182F7009E8357 /* ProfileMenuViewController.swift */ = {isa = PBXFileReference; lastKnownFileType = sourcecode.swift; path = ProfileMenuViewController.swift; sourceTree = "<group>"; };
		8AF954D625C1507400F31095 /* GoogleService-Info.plist */ = {isa = PBXFileReference; fileEncoding = 4; lastKnownFileType = text.plist.xml; path = "GoogleService-Info.plist"; sourceTree = "<group>"; };
		8AF9552625C1589400F31095 /* Base.storyboard */ = {isa = PBXFileReference; lastKnownFileType = file.storyboard; path = Base.storyboard; sourceTree = "<group>"; };
		8AF9552B25C159A100F31095 /* LoginViewController.swift */ = {isa = PBXFileReference; lastKnownFileType = sourcecode.swift; path = LoginViewController.swift; sourceTree = "<group>"; };
		B640DCDD25AD2FCB00C59EAD /* CalendarViewController.swift */ = {isa = PBXFileReference; lastKnownFileType = sourcecode.swift; path = CalendarViewController.swift; sourceTree = "<group>"; };
		B64A362825C308C40087999A /* WidgetKit.framework */ = {isa = PBXFileReference; lastKnownFileType = wrapper.framework; name = WidgetKit.framework; path = System/Library/Frameworks/WidgetKit.framework; sourceTree = SDKROOT; };
		B64A362A25C308C40087999A /* SwiftUI.framework */ = {isa = PBXFileReference; lastKnownFileType = wrapper.framework; name = SwiftUI.framework; path = System/Library/Frameworks/SwiftUI.framework; sourceTree = SDKROOT; };
		B64A364525C30C7D0087999A /* CountdownsExtension.appex */ = {isa = PBXFileReference; explicitFileType = "wrapper.app-extension"; includeInIndex = 0; path = CountdownsExtension.appex; sourceTree = BUILT_PRODUCTS_DIR; };
		B64A364925C30C7E0087999A /* Countdowns.swift */ = {isa = PBXFileReference; lastKnownFileType = sourcecode.swift; path = Countdowns.swift; sourceTree = "<group>"; };
		B64A364B25C30C7E0087999A /* Countdowns.intentdefinition */ = {isa = PBXFileReference; lastKnownFileType = file.intentdefinition; path = Countdowns.intentdefinition; sourceTree = "<group>"; };
		B64A364C25C30C7F0087999A /* Assets.xcassets */ = {isa = PBXFileReference; lastKnownFileType = folder.assetcatalog; path = Assets.xcassets; sourceTree = "<group>"; };
		B64A364E25C30C7F0087999A /* Info.plist */ = {isa = PBXFileReference; lastKnownFileType = text.plist.xml; path = Info.plist; sourceTree = "<group>"; };
		D32F63520597B33519B40973 /* Pods_countdown.framework */ = {isa = PBXFileReference; explicitFileType = wrapper.framework; includeInIndex = 0; path = Pods_countdown.framework; sourceTree = BUILT_PRODUCTS_DIR; };
/* End PBXFileReference section */

/* Begin PBXFrameworksBuildPhase section */
		8AB295B625A73A5400EC33EB /* Frameworks */ = {
			isa = PBXFrameworksBuildPhase;
			buildActionMask = 2147483647;
			files = (
				5FFEC8A136E2B507F4FB84E8 /* Pods_countdown.framework in Frameworks */,
			);
			runOnlyForDeploymentPostprocessing = 0;
		};
		B64A364225C30C7D0087999A /* Frameworks */ = {
			isa = PBXFrameworksBuildPhase;
			buildActionMask = 2147483647;
			files = (
				B64A364725C30C7D0087999A /* SwiftUI.framework in Frameworks */,
				B64A364625C30C7D0087999A /* WidgetKit.framework in Frameworks */,
			);
			runOnlyForDeploymentPostprocessing = 0;
		};
/* End PBXFrameworksBuildPhase section */

/* Begin PBXGroup section */
		091AADB8B08E9008A02F1C58 /* Pods */ = {
			isa = PBXGroup;
			children = (
				6B2C1E0DE78C22AB8F365A6B /* Pods-countdown.debug.xcconfig */,
				159A631724B6B1873F5B5BB0 /* Pods-countdown.release.xcconfig */,
			);
			path = Pods;
			sourceTree = "<group>";
		};
		65691C96376A44C09E3A87F5 /* Frameworks */ = {
			isa = PBXGroup;
			children = (
				D32F63520597B33519B40973 /* Pods_countdown.framework */,
				B64A362825C308C40087999A /* WidgetKit.framework */,
				B64A362A25C308C40087999A /* SwiftUI.framework */,
			);
			name = Frameworks;
			sourceTree = "<group>";
		};
		8AB295B025A73A5400EC33EB = {
			isa = PBXGroup;
			children = (
				8AB295BB25A73A5400EC33EB /* countdown */,
				B64A364825C30C7D0087999A /* Countdowns */,
				8AB295BA25A73A5400EC33EB /* Products */,
				091AADB8B08E9008A02F1C58 /* Pods */,
				65691C96376A44C09E3A87F5 /* Frameworks */,
			);
			sourceTree = "<group>";
		};
		8AB295BA25A73A5400EC33EB /* Products */ = {
			isa = PBXGroup;
			children = (
				8AB295B925A73A5400EC33EB /* countdown.app */,
				B64A364525C30C7D0087999A /* CountdownsExtension.appex */,
			);
			name = Products;
			sourceTree = "<group>";
		};
		8AB295BB25A73A5400EC33EB /* countdown */ = {
			isa = PBXGroup;
			children = (
				8AD7853C25C162DA009E8357 /* Utils */,
				8AF9552925C1589B00F31095 /* Storyboard */,
				8AB295D825A7402D00EC33EB /* Model */,
				8AB295D625A7401100EC33EB /* Controller */,
				8AB295BC25A73A5400EC33EB /* AppDelegate.swift */,
				8AB295BE25A73A5400EC33EB /* SceneDelegate.swift */,
				8AB295C825A73A5500EC33EB /* Assets.xcassets */,
				8AB295CA25A73A5500EC33EB /* LaunchScreen.storyboard */,
				8AB295CD25A73A5500EC33EB /* Info.plist */,
				8AB295C525A73A5400EC33EB /* countdown.xcdatamodeld */,
				8AF954D625C1507400F31095 /* GoogleService-Info.plist */,
			);
			path = countdown;
			sourceTree = "<group>";
		};
		8AB295D625A7401100EC33EB /* Controller */ = {
			isa = PBXGroup;
			children = (
				B640DCDD25AD2FCB00C59EAD /* CalendarViewController.swift */,
				8AB295DA25A740D500EC33EB /* EventTableViewController.swift */,
				8AB295DD25A7411300EC33EB /* EventController.swift */,
				8AB295E025A7415800EC33EB /* EventActionViewController.swift */,
				8AF9552B25C159A100F31095 /* LoginViewController.swift */,
				8AD7854125C16628009E8357 /* SignUpViewController.swift */,
				8AD7855425C182F7009E8357 /* ProfileMenuViewController.swift */,
				8A2B871225C25A5D002DCDBB /* FirebaseDataController.swift */,
				8A5D6FB425C3FF3600301E56 /* EventActionsViewController.swift */,
			);
			path = Controller;
			sourceTree = "<group>";
		};
		8AB295D825A7402D00EC33EB /* Model */ = {
			isa = PBXGroup;
			children = (
				8A880ED225A7428A00494BD3 /* Event.swift */,
			);
			path = Model;
			sourceTree = "<group>";
		};
		8AD7853C25C162DA009E8357 /* Utils */ = {
			isa = PBXGroup;
			children = (
				8AD7853D25C162E3009E8357 /* LocalNotificationManager.swift */,
			);
			path = Utils;
			sourceTree = "<group>";
		};
		8AF9552925C1589B00F31095 /* Storyboard */ = {
			isa = PBXGroup;
			children = (
				8AF9552625C1589400F31095 /* Base.storyboard */,
				8AB295C225A73A5400EC33EB /* Main.storyboard */,
			);
			path = Storyboard;
			sourceTree = "<group>";
		};
		B64A364825C30C7D0087999A /* Countdowns */ = {
			isa = PBXGroup;
			children = (
				B64A364925C30C7E0087999A /* Countdowns.swift */,
				B64A364B25C30C7E0087999A /* Countdowns.intentdefinition */,
				B64A364C25C30C7F0087999A /* Assets.xcassets */,
				B64A364E25C30C7F0087999A /* Info.plist */,
			);
			path = Countdowns;
			sourceTree = "<group>";
		};
/* End PBXGroup section */

/* Begin PBXNativeTarget section */
		8AB295B825A73A5400EC33EB /* countdown */ = {
			isa = PBXNativeTarget;
			buildConfigurationList = 8AB295D025A73A5500EC33EB /* Build configuration list for PBXNativeTarget "countdown" */;
			buildPhases = (
				F069623F16FF68039DE315B2 /* [CP] Check Pods Manifest.lock */,
				8AB295B525A73A5400EC33EB /* Sources */,
				8AB295B625A73A5400EC33EB /* Frameworks */,
				8AB295B725A73A5400EC33EB /* Resources */,
				CC06FE59E353C9295CDBF728 /* [CP] Embed Pods Frameworks */,
				B64A363825C308C40087999A /* Embed App Extensions */,
			);
			buildRules = (
			);
			dependencies = (
				B64A365225C30C7F0087999A /* PBXTargetDependency */,
			);
			name = countdown;
			productName = countdown;
			productReference = 8AB295B925A73A5400EC33EB /* countdown.app */;
			productType = "com.apple.product-type.application";
		};
		B64A364425C30C7D0087999A /* CountdownsExtension */ = {
			isa = PBXNativeTarget;
			buildConfigurationList = B64A365425C30C7F0087999A /* Build configuration list for PBXNativeTarget "CountdownsExtension" */;
			buildPhases = (
				B64A364125C30C7D0087999A /* Sources */,
				B64A364225C30C7D0087999A /* Frameworks */,
				B64A364325C30C7D0087999A /* Resources */,
			);
			buildRules = (
			);
			dependencies = (
			);
			name = CountdownsExtension;
			productName = CountdownsExtension;
			productReference = B64A364525C30C7D0087999A /* CountdownsExtension.appex */;
			productType = "com.apple.product-type.app-extension";
		};
/* End PBXNativeTarget section */

/* Begin PBXProject section */
		8AB295B125A73A5400EC33EB /* Project object */ = {
			isa = PBXProject;
			attributes = {
				LastSwiftUpdateCheck = 1240;
				LastUpgradeCheck = 1230;
				TargetAttributes = {
					8AB295B825A73A5400EC33EB = {
						CreatedOnToolsVersion = 12.3;
					};
					B64A364425C30C7D0087999A = {
						CreatedOnToolsVersion = 12.4;
					};
				};
			};
			buildConfigurationList = 8AB295B425A73A5400EC33EB /* Build configuration list for PBXProject "countdown" */;
			compatibilityVersion = "Xcode 9.3";
			developmentRegion = en;
			hasScannedForEncodings = 0;
			knownRegions = (
				en,
				Base,
			);
			mainGroup = 8AB295B025A73A5400EC33EB;
			productRefGroup = 8AB295BA25A73A5400EC33EB /* Products */;
			projectDirPath = "";
			projectRoot = "";
			targets = (
				8AB295B825A73A5400EC33EB /* countdown */,
				B64A364425C30C7D0087999A /* CountdownsExtension */,
			);
		};
/* End PBXProject section */

/* Begin PBXResourcesBuildPhase section */
		8AB295B725A73A5400EC33EB /* Resources */ = {
			isa = PBXResourcesBuildPhase;
			buildActionMask = 2147483647;
			files = (
				8AB295CC25A73A5500EC33EB /* LaunchScreen.storyboard in Resources */,
				8AF954D725C1507400F31095 /* GoogleService-Info.plist in Resources */,
				8AF9552725C1589400F31095 /* Base.storyboard in Resources */,
				8AB295C925A73A5500EC33EB /* Assets.xcassets in Resources */,
				8AB295C425A73A5400EC33EB /* Main.storyboard in Resources */,
			);
			runOnlyForDeploymentPostprocessing = 0;
		};
		B64A364325C30C7D0087999A /* Resources */ = {
			isa = PBXResourcesBuildPhase;
			buildActionMask = 2147483647;
			files = (
				B64A364D25C30C7F0087999A /* Assets.xcassets in Resources */,
			);
			runOnlyForDeploymentPostprocessing = 0;
		};
/* End PBXResourcesBuildPhase section */

/* Begin PBXShellScriptBuildPhase section */
		CC06FE59E353C9295CDBF728 /* [CP] Embed Pods Frameworks */ = {
			isa = PBXShellScriptBuildPhase;
			buildActionMask = 2147483647;
			files = (
			);
			inputFileListPaths = (
				"${PODS_ROOT}/Target Support Files/Pods-countdown/Pods-countdown-frameworks-${CONFIGURATION}-input-files.xcfilelist",
			);
			name = "[CP] Embed Pods Frameworks";
			outputFileListPaths = (
				"${PODS_ROOT}/Target Support Files/Pods-countdown/Pods-countdown-frameworks-${CONFIGURATION}-output-files.xcfilelist",
			);
			runOnlyForDeploymentPostprocessing = 0;
			shellPath = /bin/sh;
			shellScript = "\"${PODS_ROOT}/Target Support Files/Pods-countdown/Pods-countdown-frameworks.sh\"\n";
			showEnvVarsInLog = 0;
		};
		F069623F16FF68039DE315B2 /* [CP] Check Pods Manifest.lock */ = {
			isa = PBXShellScriptBuildPhase;
			buildActionMask = 2147483647;
			files = (
			);
			inputFileListPaths = (
			);
			inputPaths = (
				"${PODS_PODFILE_DIR_PATH}/Podfile.lock",
				"${PODS_ROOT}/Manifest.lock",
			);
			name = "[CP] Check Pods Manifest.lock";
			outputFileListPaths = (
			);
			outputPaths = (
				"$(DERIVED_FILE_DIR)/Pods-countdown-checkManifestLockResult.txt",
			);
			runOnlyForDeploymentPostprocessing = 0;
			shellPath = /bin/sh;
			shellScript = "diff \"${PODS_PODFILE_DIR_PATH}/Podfile.lock\" \"${PODS_ROOT}/Manifest.lock\" > /dev/null\nif [ $? != 0 ] ; then\n    # print error to STDERR\n    echo \"error: The sandbox is not in sync with the Podfile.lock. Run 'pod install' or update your CocoaPods installation.\" >&2\n    exit 1\nfi\n# This output is used by Xcode 'outputs' to avoid re-running this script phase.\necho \"SUCCESS\" > \"${SCRIPT_OUTPUT_FILE_0}\"\n";
			showEnvVarsInLog = 0;
		};
/* End PBXShellScriptBuildPhase section */

/* Begin PBXSourcesBuildPhase section */
		8AB295B525A73A5400EC33EB /* Sources */ = {
			isa = PBXSourcesBuildPhase;
			buildActionMask = 2147483647;
			files = (
				8AF9552C25C159A100F31095 /* LoginViewController.swift in Sources */,
				B640DCDE25AD2FCB00C59EAD /* CalendarViewController.swift in Sources */,
				8AB295BD25A73A5400EC33EB /* AppDelegate.swift in Sources */,
				8AB295E125A7415800EC33EB /* EventActionViewController.swift in Sources */,
				8AB295BF25A73A5400EC33EB /* SceneDelegate.swift in Sources */,
				8AD7853E25C162E3009E8357 /* LocalNotificationManager.swift in Sources */,
				8AB295DE25A7411300EC33EB /* EventController.swift in Sources */,
				8A2B871325C25A5D002DCDBB /* FirebaseDataController.swift in Sources */,
				8AB295DB25A740D500EC33EB /* EventTableViewController.swift in Sources */,
				8A880ED325A7428A00494BD3 /* Event.swift in Sources */,
				B64A365025C30C7F0087999A /* Countdowns.intentdefinition in Sources */,
				8AD7855525C182F7009E8357 /* ProfileMenuViewController.swift in Sources */,
				8AD7854225C16628009E8357 /* SignUpViewController.swift in Sources */,
				8AB295C725A73A5400EC33EB /* countdown.xcdatamodeld in Sources */,
				8A5D6FB525C3FF3600301E56 /* EventActionsViewController.swift in Sources */,
			);
			runOnlyForDeploymentPostprocessing = 0;
		};
		B64A364125C30C7D0087999A /* Sources */ = {
			isa = PBXSourcesBuildPhase;
			buildActionMask = 2147483647;
			files = (
				B64A364F25C30C7F0087999A /* Countdowns.intentdefinition in Sources */,
				B64A364A25C30C7E0087999A /* Countdowns.swift in Sources */,
			);
			runOnlyForDeploymentPostprocessing = 0;
		};
/* End PBXSourcesBuildPhase section */

/* Begin PBXTargetDependency section */
		B64A365225C30C7F0087999A /* PBXTargetDependency */ = {
			isa = PBXTargetDependency;
			target = B64A364425C30C7D0087999A /* CountdownsExtension */;
			targetProxy = B64A365125C30C7F0087999A /* PBXContainerItemProxy */;
		};
/* End PBXTargetDependency section */

/* Begin PBXVariantGroup section */
		8AB295C225A73A5400EC33EB /* Main.storyboard */ = {
			isa = PBXVariantGroup;
			children = (
				8AB295C325A73A5400EC33EB /* Base */,
			);
			name = Main.storyboard;
			sourceTree = "<group>";
		};
		8AB295CA25A73A5500EC33EB /* LaunchScreen.storyboard */ = {
			isa = PBXVariantGroup;
			children = (
				8AB295CB25A73A5500EC33EB /* Base */,
			);
			name = LaunchScreen.storyboard;
			sourceTree = "<group>";
		};
/* End PBXVariantGroup section */

/* Begin XCBuildConfiguration section */
		8AB295CE25A73A5500EC33EB /* Debug */ = {
			isa = XCBuildConfiguration;
			buildSettings = {
				ALWAYS_SEARCH_USER_PATHS = NO;
				CLANG_ANALYZER_NONNULL = YES;
				CLANG_ANALYZER_NUMBER_OBJECT_CONVERSION = YES_AGGRESSIVE;
				CLANG_CXX_LANGUAGE_STANDARD = "gnu++14";
				CLANG_CXX_LIBRARY = "libc++";
				CLANG_ENABLE_MODULES = YES;
				CLANG_ENABLE_OBJC_ARC = YES;
				CLANG_ENABLE_OBJC_WEAK = YES;
				CLANG_WARN_BLOCK_CAPTURE_AUTORELEASING = YES;
				CLANG_WARN_BOOL_CONVERSION = YES;
				CLANG_WARN_COMMA = YES;
				CLANG_WARN_CONSTANT_CONVERSION = YES;
				CLANG_WARN_DEPRECATED_OBJC_IMPLEMENTATIONS = YES;
				CLANG_WARN_DIRECT_OBJC_ISA_USAGE = YES_ERROR;
				CLANG_WARN_DOCUMENTATION_COMMENTS = YES;
				CLANG_WARN_EMPTY_BODY = YES;
				CLANG_WARN_ENUM_CONVERSION = YES;
				CLANG_WARN_INFINITE_RECURSION = YES;
				CLANG_WARN_INT_CONVERSION = YES;
				CLANG_WARN_NON_LITERAL_NULL_CONVERSION = YES;
				CLANG_WARN_OBJC_IMPLICIT_RETAIN_SELF = YES;
				CLANG_WARN_OBJC_LITERAL_CONVERSION = YES;
				CLANG_WARN_OBJC_ROOT_CLASS = YES_ERROR;
				CLANG_WARN_QUOTED_INCLUDE_IN_FRAMEWORK_HEADER = YES;
				CLANG_WARN_RANGE_LOOP_ANALYSIS = YES;
				CLANG_WARN_STRICT_PROTOTYPES = YES;
				CLANG_WARN_SUSPICIOUS_MOVE = YES;
				CLANG_WARN_UNGUARDED_AVAILABILITY = YES_AGGRESSIVE;
				CLANG_WARN_UNREACHABLE_CODE = YES;
				CLANG_WARN__DUPLICATE_METHOD_MATCH = YES;
				COPY_PHASE_STRIP = NO;
				DEBUG_INFORMATION_FORMAT = dwarf;
				ENABLE_STRICT_OBJC_MSGSEND = YES;
				ENABLE_TESTABILITY = YES;
				GCC_C_LANGUAGE_STANDARD = gnu11;
				GCC_DYNAMIC_NO_PIC = NO;
				GCC_NO_COMMON_BLOCKS = YES;
				GCC_OPTIMIZATION_LEVEL = 0;
				GCC_PREPROCESSOR_DEFINITIONS = (
					"DEBUG=1",
					"$(inherited)",
				);
				GCC_WARN_64_TO_32_BIT_CONVERSION = YES;
				GCC_WARN_ABOUT_RETURN_TYPE = YES_ERROR;
				GCC_WARN_UNDECLARED_SELECTOR = YES;
				GCC_WARN_UNINITIALIZED_AUTOS = YES_AGGRESSIVE;
				GCC_WARN_UNUSED_FUNCTION = YES;
				GCC_WARN_UNUSED_VARIABLE = YES;
				IPHONEOS_DEPLOYMENT_TARGET = 14.3;
				MTL_ENABLE_DEBUG_INFO = INCLUDE_SOURCE;
				MTL_FAST_MATH = YES;
				ONLY_ACTIVE_ARCH = YES;
				SDKROOT = iphoneos;
				SWIFT_ACTIVE_COMPILATION_CONDITIONS = DEBUG;
				SWIFT_OPTIMIZATION_LEVEL = "-Onone";
			};
			name = Debug;
		};
		8AB295CF25A73A5500EC33EB /* Release */ = {
			isa = XCBuildConfiguration;
			buildSettings = {
				ALWAYS_SEARCH_USER_PATHS = NO;
				CLANG_ANALYZER_NONNULL = YES;
				CLANG_ANALYZER_NUMBER_OBJECT_CONVERSION = YES_AGGRESSIVE;
				CLANG_CXX_LANGUAGE_STANDARD = "gnu++14";
				CLANG_CXX_LIBRARY = "libc++";
				CLANG_ENABLE_MODULES = YES;
				CLANG_ENABLE_OBJC_ARC = YES;
				CLANG_ENABLE_OBJC_WEAK = YES;
				CLANG_WARN_BLOCK_CAPTURE_AUTORELEASING = YES;
				CLANG_WARN_BOOL_CONVERSION = YES;
				CLANG_WARN_COMMA = YES;
				CLANG_WARN_CONSTANT_CONVERSION = YES;
				CLANG_WARN_DEPRECATED_OBJC_IMPLEMENTATIONS = YES;
				CLANG_WARN_DIRECT_OBJC_ISA_USAGE = YES_ERROR;
				CLANG_WARN_DOCUMENTATION_COMMENTS = YES;
				CLANG_WARN_EMPTY_BODY = YES;
				CLANG_WARN_ENUM_CONVERSION = YES;
				CLANG_WARN_INFINITE_RECURSION = YES;
				CLANG_WARN_INT_CONVERSION = YES;
				CLANG_WARN_NON_LITERAL_NULL_CONVERSION = YES;
				CLANG_WARN_OBJC_IMPLICIT_RETAIN_SELF = YES;
				CLANG_WARN_OBJC_LITERAL_CONVERSION = YES;
				CLANG_WARN_OBJC_ROOT_CLASS = YES_ERROR;
				CLANG_WARN_QUOTED_INCLUDE_IN_FRAMEWORK_HEADER = YES;
				CLANG_WARN_RANGE_LOOP_ANALYSIS = YES;
				CLANG_WARN_STRICT_PROTOTYPES = YES;
				CLANG_WARN_SUSPICIOUS_MOVE = YES;
				CLANG_WARN_UNGUARDED_AVAILABILITY = YES_AGGRESSIVE;
				CLANG_WARN_UNREACHABLE_CODE = YES;
				CLANG_WARN__DUPLICATE_METHOD_MATCH = YES;
				COPY_PHASE_STRIP = NO;
				DEBUG_INFORMATION_FORMAT = "dwarf-with-dsym";
				ENABLE_NS_ASSERTIONS = NO;
				ENABLE_STRICT_OBJC_MSGSEND = YES;
				GCC_C_LANGUAGE_STANDARD = gnu11;
				GCC_NO_COMMON_BLOCKS = YES;
				GCC_WARN_64_TO_32_BIT_CONVERSION = YES;
				GCC_WARN_ABOUT_RETURN_TYPE = YES_ERROR;
				GCC_WARN_UNDECLARED_SELECTOR = YES;
				GCC_WARN_UNINITIALIZED_AUTOS = YES_AGGRESSIVE;
				GCC_WARN_UNUSED_FUNCTION = YES;
				GCC_WARN_UNUSED_VARIABLE = YES;
				IPHONEOS_DEPLOYMENT_TARGET = 14.3;
				MTL_ENABLE_DEBUG_INFO = NO;
				MTL_FAST_MATH = YES;
				SDKROOT = iphoneos;
				SWIFT_COMPILATION_MODE = wholemodule;
				SWIFT_OPTIMIZATION_LEVEL = "-O";
				VALIDATE_PRODUCT = YES;
			};
			name = Release;
		};
		8AB295D125A73A5500EC33EB /* Debug */ = {
			isa = XCBuildConfiguration;
			baseConfigurationReference = 6B2C1E0DE78C22AB8F365A6B /* Pods-countdown.debug.xcconfig */;
			buildSettings = {
				ALWAYS_EMBED_SWIFT_STANDARD_LIBRARIES = YES;
				ASSETCATALOG_COMPILER_APPICON_NAME = AppIcon;
				ASSETCATALOG_COMPILER_GLOBAL_ACCENT_COLOR_NAME = AccentColor;
				CODE_SIGN_IDENTITY = "Apple Development";
				CODE_SIGN_STYLE = Automatic;
				DEVELOPMENT_TEAM = 46H8NG3ATK;
				INFOPLIST_FILE = countdown/Info.plist;
				LD_RUNPATH_SEARCH_PATHS = (
					"$(inherited)",
					"@executable_path/Frameworks",
				);
				PRODUCT_BUNDLE_IDENTIFIER = sg.mad2.countdown;
				PRODUCT_NAME = "$(TARGET_NAME)";
				PROVISIONING_PROFILE_SPECIFIER = "";
				SWIFT_VERSION = 5.0;
				TARGETED_DEVICE_FAMILY = "1,2";
			};
			name = Debug;
		};
		8AB295D225A73A5500EC33EB /* Release */ = {
			isa = XCBuildConfiguration;
			baseConfigurationReference = 159A631724B6B1873F5B5BB0 /* Pods-countdown.release.xcconfig */;
			buildSettings = {
				ALWAYS_EMBED_SWIFT_STANDARD_LIBRARIES = YES;
				ASSETCATALOG_COMPILER_APPICON_NAME = AppIcon;
				ASSETCATALOG_COMPILER_GLOBAL_ACCENT_COLOR_NAME = AccentColor;
				CODE_SIGN_IDENTITY = "Apple Development";
				CODE_SIGN_STYLE = Automatic;
				DEVELOPMENT_TEAM = 46H8NG3ATK;
				INFOPLIST_FILE = countdown/Info.plist;
				LD_RUNPATH_SEARCH_PATHS = (
					"$(inherited)",
					"@executable_path/Frameworks",
				);
				PRODUCT_BUNDLE_IDENTIFIER = sg.mad2.countdown;
				PRODUCT_NAME = "$(TARGET_NAME)";
				PROVISIONING_PROFILE_SPECIFIER = "";
				SWIFT_VERSION = 5.0;
				TARGETED_DEVICE_FAMILY = "1,2";
			};
			name = Release;
		};
		B64A365525C30C7F0087999A /* Debug */ = {
			isa = XCBuildConfiguration;
			buildSettings = {
				ASSETCATALOG_COMPILER_GLOBAL_ACCENT_COLOR_NAME = AccentColor;
				ASSETCATALOG_COMPILER_WIDGET_BACKGROUND_COLOR_NAME = WidgetBackground;
				CODE_SIGN_IDENTITY = "Apple Development";
				CODE_SIGN_STYLE = Automatic;
				DEVELOPMENT_TEAM = 46H8NG3ATK;
				INFOPLIST_FILE = Countdowns/Info.plist;
				IPHONEOS_DEPLOYMENT_TARGET = 14.4;
				LD_RUNPATH_SEARCH_PATHS = (
					"$(inherited)",
					"@executable_path/Frameworks",
					"@executable_path/../../Frameworks",
				);
				PRODUCT_BUNDLE_IDENTIFIER = sg.mad2.countdown.Countdowns;
				PRODUCT_NAME = "$(TARGET_NAME)";
				SKIP_INSTALL = YES;
				SWIFT_VERSION = 5.0;
				TARGETED_DEVICE_FAMILY = "1,2";
			};
			name = Debug;
		};
		B64A365625C30C7F0087999A /* Release */ = {
			isa = XCBuildConfiguration;
			buildSettings = {
				ASSETCATALOG_COMPILER_GLOBAL_ACCENT_COLOR_NAME = AccentColor;
				ASSETCATALOG_COMPILER_WIDGET_BACKGROUND_COLOR_NAME = WidgetBackground;
				CODE_SIGN_IDENTITY = "Apple Development";
				CODE_SIGN_STYLE = Automatic;
				DEVELOPMENT_TEAM = 46H8NG3ATK;
				INFOPLIST_FILE = Countdowns/Info.plist;
				IPHONEOS_DEPLOYMENT_TARGET = 14.4;
				LD_RUNPATH_SEARCH_PATHS = (
					"$(inherited)",
					"@executable_path/Frameworks",
					"@executable_path/../../Frameworks",
				);
				PRODUCT_BUNDLE_IDENTIFIER = sg.mad2.countdown.Countdowns;
				PRODUCT_NAME = "$(TARGET_NAME)";
				SKIP_INSTALL = YES;
				SWIFT_VERSION = 5.0;
				TARGETED_DEVICE_FAMILY = "1,2";
			};
			name = Release;
		};
/* End XCBuildConfiguration section */

/* Begin XCConfigurationList section */
		8AB295B425A73A5400EC33EB /* Build configuration list for PBXProject "countdown" */ = {
			isa = XCConfigurationList;
			buildConfigurations = (
				8AB295CE25A73A5500EC33EB /* Debug */,
				8AB295CF25A73A5500EC33EB /* Release */,
			);
			defaultConfigurationIsVisible = 0;
			defaultConfigurationName = Release;
		};
		8AB295D025A73A5500EC33EB /* Build configuration list for PBXNativeTarget "countdown" */ = {
			isa = XCConfigurationList;
			buildConfigurations = (
				8AB295D125A73A5500EC33EB /* Debug */,
				8AB295D225A73A5500EC33EB /* Release */,
			);
			defaultConfigurationIsVisible = 0;
			defaultConfigurationName = Release;
		};
		B64A365425C30C7F0087999A /* Build configuration list for PBXNativeTarget "CountdownsExtension" */ = {
			isa = XCConfigurationList;
			buildConfigurations = (
				B64A365525C30C7F0087999A /* Debug */,
				B64A365625C30C7F0087999A /* Release */,
			);
			defaultConfigurationIsVisible = 0;
			defaultConfigurationName = Release;
		};
/* End XCConfigurationList section */

/* Begin XCVersionGroup section */
		8AB295C525A73A5400EC33EB /* countdown.xcdatamodeld */ = {
			isa = XCVersionGroup;
			children = (
				8AB295C625A73A5400EC33EB /* countdown.xcdatamodel */,
			);
			currentVersion = 8AB295C625A73A5400EC33EB /* countdown.xcdatamodel */;
			path = countdown.xcdatamodeld;
			sourceTree = "<group>";
			versionGroupType = wrapper.xcdatamodel;
		};
/* End XCVersionGroup section */
	};
	rootObject = 8AB295B125A73A5400EC33EB /* Project object */;
}
